
Microsoft Visual Studio Solution File, Format Version 12.00
# Visual Studio 15
VisualStudioVersion = 15.0.26730.16
MinimumVisualStudioVersion = 10.0.40219.1
Project("{FAE04EC0-301F-11D3-BF4B-00C04F79EFBC}") = "Cluster", "Cluster\Cluster.csproj", "{70F61ADE-BE01-4DAA-A82C-DFCAFE20F7CC}"
EndProject
Project("{FAE04EC0-301F-11D3-BF4B-00C04F79EFBC}") = "ClusterizeTest", "ClusterizeTest\ClusterizeTest.csproj", "{0971DE79-60D1-44BD-AD44-EE50B7E5FFCF}"
EndProject
Project("{FAE04EC0-301F-11D3-BF4B-00C04F79EFBC}") = "ClusterizeLib", "ClusterizeLib\ClusterizeLib.csproj", "{6DDC8511-7101-4335-9628-4063BD5C8BBC}"
EndProject
Global
	GlobalSection(SolutionConfigurationPlatforms) = preSolution
		Debug|Any CPU = Debug|Any CPU
		Release|Any CPU = Release|Any CPU
	EndGlobalSection
	GlobalSection(ProjectConfigurationPlatforms) = postSolution
		{70F61ADE-BE01-4DAA-A82C-DFCAFE20F7CC}.Debug|Any CPU.ActiveCfg = Debug|Any CPU
		{70F61ADE-BE01-4DAA-A82C-DFCAFE20F7CC}.Debug|Any CPU.Build.0 = Debug|Any CPU
		{70F61ADE-BE01-4DAA-A82C-DFCAFE20F7CC}.Release|Any CPU.ActiveCfg = Release|Any CPU
		{70F61ADE-BE01-4DAA-A82C-DFCAFE20F7CC}.Release|Any CPU.Build.0 = Release|Any CPU
		{0971DE79-60D1-44BD-AD44-EE50B7E5FFCF}.Debug|Any CPU.ActiveCfg = Debug|Any CPU
		{0971DE79-60D1-44BD-AD44-EE50B7E5FFCF}.Debug|Any CPU.Build.0 = Debug|Any CPU
		{0971DE79-60D1-44BD-AD44-EE50B7E5FFCF}.Release|Any CPU.ActiveCfg = Release|Any CPU
		{0971DE79-60D1-44BD-AD44-EE50B7E5FFCF}.Release|Any CPU.Build.0 = Release|Any CPU
		{6DDC8511-7101-4335-9628-4063BD5C8BBC}.Debug|Any CPU.ActiveCfg = Debug|Any CPU
		{6DDC8511-7101-4335-9628-4063BD5C8BBC}.Debug|Any CPU.Build.0 = Debug|Any CPU
		{6DDC8511-7101-4335-9628-4063BD5C8BBC}.Release|Any CPU.ActiveCfg = Release|Any CPU
		{6DDC8511-7101-4335-9628-4063BD5C8BBC}.Release|Any CPU.Build.0 = Release|Any CPU
	EndGlobalSection
	GlobalSection(SolutionProperties) = preSolution
		HideSolutionNode = FALSE
	EndGlobalSection
	GlobalSection(ExtensibilityGlobals) = postSolution
		SolutionGuid = {D4008397-5678-4635-8563-5A5E3E480339}
	EndGlobalSection
EndGlobal
